
Microsoft Visual Studio Solution File, Format Version 12.00
# Visual Studio Version 16
VisualStudioVersion = 16.0.30804.86
MinimumVisualStudioVersion = 10.0.40219.1
Project("{FAE04EC0-301F-11D3-BF4B-00C04F79EFBC}") = "NotesAPI", "NotesAPI\NotesAPI.csproj", "{D4BE4579-B4C8-41DB-AA5F-7E8507698D6D}"
EndProject
Global
	GlobalSection(SolutionConfigurationPlatforms) = preSolution
		Debug|Any CPU = Debug|Any CPU
		Release|Any CPU = Release|Any CPU
	EndGlobalSection
	GlobalSection(ProjectConfigurationPlatforms) = postSolution
		{D4BE4579-B4C8-41DB-AA5F-7E8507698D6D}.Debug|Any CPU.ActiveCfg = Debug|Any CPU
		{D4BE4579-B4C8-41DB-AA5F-7E8507698D6D}.Debug|Any CPU.Build.0 = Debug|Any CPU
		{D4BE4579-B4C8-41DB-AA5F-7E8507698D6D}.Release|Any CPU.ActiveCfg = Release|Any CPU
		{D4BE4579-B4C8-41DB-AA5F-7E8507698D6D}.Release|Any CPU.Build.0 = Release|Any CPU
	EndGlobalSection
	GlobalSection(SolutionProperties) = preSolution
		HideSolutionNode = FALSE
	EndGlobalSection
	GlobalSection(ExtensibilityGlobals) = postSolution
		SolutionGuid = {9C145C44-752A-4D60-BF03-9060B212A299}
	EndGlobalSection
EndGlobal
